
Microsoft Visual Studio Solution File, Format Version 12.00
# Visual Studio Version 17
VisualStudioVersion = 17.14.36511.14 d17.14
MinimumVisualStudioVersion = 10.0.40219.1
Project("{FAE04EC0-301F-11D3-BF4B-00C04F79EFBC}") = "RegistryCodes", "RegistryCodes\RegistryCodes.csproj", "{761CD478-8AF0-485B-A9B7-32C9BE3FDA01}"
EndProject
Global
	GlobalSection(SolutionConfigurationPlatforms) = preSolution
		Debug|Any CPU = Debug|Any CPU
		Release|Any CPU = Release|Any CPU
	EndGlobalSection
	GlobalSection(ProjectConfigurationPlatforms) = postSolution
		{761CD478-8AF0-485B-A9B7-32C9BE3FDA01}.Debug|Any CPU.ActiveCfg = Debug|Any CPU
		{761CD478-8AF0-485B-A9B7-32C9BE3FDA01}.Debug|Any CPU.Build.0 = Debug|Any CPU
		{761CD478-8AF0-485B-A9B7-32C9BE3FDA01}.Release|Any CPU.ActiveCfg = Release|Any CPU
		{761CD478-8AF0-485B-A9B7-32C9BE3FDA01}.Release|Any CPU.Build.0 = Release|Any CPU
	EndGlobalSection
	GlobalSection(SolutionProperties) = preSolution
		HideSolutionNode = FALSE
	EndGlobalSection
	GlobalSection(ExtensibilityGlobals) = postSolution
		SolutionGuid = {C7588C56-48DC-4B23-B1DA-6BC2ABAE4D48}
	EndGlobalSection
EndGlobal
